
Microsoft Visual Studio Solution File, Format Version 12.00
# Visual Studio Version 17
VisualStudioVersion = 17.5.002.0
MinimumVisualStudioVersion = 10.0.40219.1
Project("{2150E333-8FDC-42A3-9474-1A3956D46DE8}") = "examples", "examples", "{5CEE1B8E-9303-48E8-9F86-D73CEA9E52E7}"
EndProject
Project("{2150E333-8FDC-42A3-9474-1A3956D46DE8}") = "SharcSimC#", "SharcSimC#", "{FF433DB6-88B8-4BF8-8382-658842B85C26}"
EndProject
Project("{9A19103F-16F7-4668-BE54-9A1E7A4F7556}") = "SharcSim", "examples\SharcSimC#\SharcSim\SharcSim.csproj", "{38DD105D-D742-4178-926A-55EA06F80110}"
EndProject
Global
	GlobalSection(SolutionConfigurationPlatforms) = preSolution
		Debug|Any CPU = Debug|Any CPU
		Release|Any CPU = Release|Any CPU
	EndGlobalSection
	GlobalSection(ProjectConfigurationPlatforms) = postSolution
		{38DD105D-D742-4178-926A-55EA06F80110}.Debug|Any CPU.ActiveCfg = Debug|Any CPU
		{38DD105D-D742-4178-926A-55EA06F80110}.Debug|Any CPU.Build.0 = Debug|Any CPU
		{38DD105D-D742-4178-926A-55EA06F80110}.Release|Any CPU.ActiveCfg = Release|Any CPU
		{38DD105D-D742-4178-926A-55EA06F80110}.Release|Any CPU.Build.0 = Release|Any CPU
	EndGlobalSection
	GlobalSection(SolutionProperties) = preSolution
		HideSolutionNode = FALSE
	EndGlobalSection
	GlobalSection(NestedProjects) = preSolution
		{FF433DB6-88B8-4BF8-8382-658842B85C26} = {5CEE1B8E-9303-48E8-9F86-D73CEA9E52E7}
		{38DD105D-D742-4178-926A-55EA06F80110} = {FF433DB6-88B8-4BF8-8382-658842B85C26}
	EndGlobalSection
	GlobalSection(ExtensibilityGlobals) = postSolution
		SolutionGuid = {F17BF478-91F0-45A8-92CF-E89DDDC057A0}
	EndGlobalSection
EndGlobal
